%{
  "alchemy_vm": {:hex, :alchemy_vm, "0.8.1", "7b37752a80f1d051ed4ab919b71b13f9e87e6e12beaef0429b484a4f4c643baa", [:mix], [{:binary, "~> 0.0.5", [hex: :binary, repo: "hexpm", optional: false]}, {:decimal, "~> 1.0", [hex: :decimal, repo: "hexpm", optional: false]}], "hexpm"},
  "binary": {:hex, :binary, "0.0.5", "20d816f7274ea34f1b673b4cff2fdb9ebec9391a7a68c349070d515c66b1b2cf", [:mix], [], "hexpm"},
  "decimal": {:hex, :decimal, "1.8.1", "a4ef3f5f3428bdbc0d35374029ffcf4ede8533536fa79896dd450168d9acdf3c", [:mix], [], "hexpm"},
  "rustler": {:hex, :rustler, "0.21.1", "5299980be32da997c54382e945bacaa015ed97a60745e1e639beaf6a7b278c65", [:mix], [{:toml, "~> 0.5.2", [hex: :toml, repo: "hexpm", optional: false]}], "hexpm", "6ee1651e10645b2b2f3bb70502bf180341aa058709177e9bc28c105934094bc6"},
  "toml": {:hex, :toml, "0.5.2", "e471388a8726d1ce51a6b32f864b8228a1eb8edc907a0edf2bb50eab9321b526", [:mix], [], "hexpm", "f1e3dabef71fb510d015fad18c0e05e7c57281001141504c6b69d94e99750a07"},
  "wasmex": {:hex, :wasmex, "0.3.0", "2d9ee42f1dcc0816e23844c8049368964b6b65b5d07af7afbde2f2cf02cc1a3b", [:mix], [{:rustler, "~> 0.21.1", [hex: :rustler, repo: "hexpm", optional: false]}], "hexpm", "344d677ce246ded391060300b2a31e0f1400177331d38d13b951ad5a3095010c"},
}
